
Microsoft Visual Studio Solution File, Format Version 12.00
# Visual Studio Version 17
VisualStudioVersion = 17.9.34714.143
MinimumVisualStudioVersion = 10.0.40219.1
Project("{8BC9CEB8-8B4A-11D0-8D11-00A0C91BC942}") = "Day 26", "Day 26.vcxproj", "{27457B48-516E-4453-A444-B5E96BB51BCD}"
EndProject
Global
	GlobalSection(SolutionConfigurationPlatforms) = preSolution
		Debug|x64 = Debug|x64
		Debug|x86 = Debug|x86
		Release|x64 = Release|x64
		Release|x86 = Release|x86
	EndGlobalSection
	GlobalSection(ProjectConfigurationPlatforms) = postSolution
		{27457B48-516E-4453-A444-B5E96BB51BCD}.Debug|x64.ActiveCfg = Debug|x64
		{27457B48-516E-4453-A444-B5E96BB51BCD}.Debug|x64.Build.0 = Debug|x64
		{27457B48-516E-4453-A444-B5E96BB51BCD}.Debug|x86.ActiveCfg = Debug|Win32
		{27457B48-516E-4453-A444-B5E96BB51BCD}.Debug|x86.Build.0 = Debug|Win32
		{27457B48-516E-4453-A444-B5E96BB51BCD}.Release|x64.ActiveCfg = Release|x64
		{27457B48-516E-4453-A444-B5E96BB51BCD}.Release|x64.Build.0 = Release|x64
		{27457B48-516E-4453-A444-B5E96BB51BCD}.Release|x86.ActiveCfg = Release|Win32
		{27457B48-516E-4453-A444-B5E96BB51BCD}.Release|x86.Build.0 = Release|Win32
	EndGlobalSection
	GlobalSection(SolutionProperties) = preSolution
		HideSolutionNode = FALSE
	EndGlobalSection
	GlobalSection(ExtensibilityGlobals) = postSolution
		SolutionGuid = {BD5C2292-8774-40ED-850B-64B05E4399D1}
	EndGlobalSection
EndGlobal
